
Microsoft Visual Studio Solution File, Format Version 12.00
# Visual Studio Version 17
VisualStudioVersion = 17.7.34003.232
MinimumVisualStudioVersion = 10.0.40219.1
Project("{FAE04EC0-301F-11D3-BF4B-00C04F79EFBC}") = "Checkout.Core", "Checkout.Core\Checkout.Core.csproj", "{89D601F0-3381-49FB-B848-81CE67503AC4}"
EndProject
Project("{FAE04EC0-301F-11D3-BF4B-00C04F79EFBC}") = "Checkout.Test", "Checkout.Test\Checkout.Test.csproj", "{3C52D3E9-20D3-4AF7-B2B5-8A84A8DEDDF5}"
EndProject
Global
	GlobalSection(SolutionConfigurationPlatforms) = preSolution
		Debug|Any CPU = Debug|Any CPU
		Release|Any CPU = Release|Any CPU
	EndGlobalSection
	GlobalSection(ProjectConfigurationPlatforms) = postSolution
		{89D601F0-3381-49FB-B848-81CE67503AC4}.Debug|Any CPU.ActiveCfg = Debug|Any CPU
		{89D601F0-3381-49FB-B848-81CE67503AC4}.Debug|Any CPU.Build.0 = Debug|Any CPU
		{89D601F0-3381-49FB-B848-81CE67503AC4}.Release|Any CPU.ActiveCfg = Release|Any CPU
		{89D601F0-3381-49FB-B848-81CE67503AC4}.Release|Any CPU.Build.0 = Release|Any CPU
		{3C52D3E9-20D3-4AF7-B2B5-8A84A8DEDDF5}.Debug|Any CPU.ActiveCfg = Debug|Any CPU
		{3C52D3E9-20D3-4AF7-B2B5-8A84A8DEDDF5}.Debug|Any CPU.Build.0 = Debug|Any CPU
		{3C52D3E9-20D3-4AF7-B2B5-8A84A8DEDDF5}.Release|Any CPU.ActiveCfg = Release|Any CPU
		{3C52D3E9-20D3-4AF7-B2B5-8A84A8DEDDF5}.Release|Any CPU.Build.0 = Release|Any CPU
	EndGlobalSection
	GlobalSection(SolutionProperties) = preSolution
		HideSolutionNode = FALSE
	EndGlobalSection
	GlobalSection(ExtensibilityGlobals) = postSolution
		SolutionGuid = {E134377C-0977-466C-AF6C-5313F7AC6A0D}
	EndGlobalSection
EndGlobal
